
Microsoft Visual Studio Solution File, Format Version 12.00
# Visual Studio Version 17
VisualStudioVersion = 17.11.35327.3
MinimumVisualStudioVersion = 10.0.40219.1
Project("{FAE04EC0-301F-11D3-BF4B-00C04F79EFBC}") = "NullableTypes_01", "NullableTypes_01\NullableTypes_01.csproj", "{DB133E6A-7A7D-40A3-AD55-087B869FA849}"
EndProject
Project("{FAE04EC0-301F-11D3-BF4B-00C04F79EFBC}") = "NullCoalescingOperator_01", "NullCoalescingOperator_01\NullCoalescingOperator_01.csproj", "{08D3223C-1F3C-4656-B9B9-27996098CA85}"
EndProject
Project("{FAE04EC0-301F-11D3-BF4B-00C04F79EFBC}") = "GetValueOrDefault_01", "GetValueOrDefault_01\GetValueOrDefault_01.csproj", "{22E7A04A-0BE4-4556-BAE6-5CD28F5CD4E0}"
EndProject
Project("{FAE04EC0-301F-11D3-BF4B-00C04F79EFBC}") = "ConditionalStatements_01", "ConditionalStatements_01\ConditionalStatements_01.csproj", "{0C5CCA1E-8125-477D-9A96-0EE3E7DA2336}"
EndProject
Project("{FAE04EC0-301F-11D3-BF4B-00C04F79EFBC}") = "NullableTypesAndMethods_01", "NullableTypesAndMethods_01\NullableTypesAndMethods_01.csproj", "{186B71F2-0991-491F-AEC2-7F6BCEE03E78}"
EndProject
Global
	GlobalSection(SolutionConfigurationPlatforms) = preSolution
		Debug|Any CPU = Debug|Any CPU
		Release|Any CPU = Release|Any CPU
	EndGlobalSection
	GlobalSection(ProjectConfigurationPlatforms) = postSolution
		{DB133E6A-7A7D-40A3-AD55-087B869FA849}.Debug|Any CPU.ActiveCfg = Debug|Any CPU
		{DB133E6A-7A7D-40A3-AD55-087B869FA849}.Debug|Any CPU.Build.0 = Debug|Any CPU
		{DB133E6A-7A7D-40A3-AD55-087B869FA849}.Release|Any CPU.ActiveCfg = Release|Any CPU
		{DB133E6A-7A7D-40A3-AD55-087B869FA849}.Release|Any CPU.Build.0 = Release|Any CPU
		{08D3223C-1F3C-4656-B9B9-27996098CA85}.Debug|Any CPU.ActiveCfg = Debug|Any CPU
		{08D3223C-1F3C-4656-B9B9-27996098CA85}.Debug|Any CPU.Build.0 = Debug|Any CPU
		{08D3223C-1F3C-4656-B9B9-27996098CA85}.Release|Any CPU.ActiveCfg = Release|Any CPU
		{08D3223C-1F3C-4656-B9B9-27996098CA85}.Release|Any CPU.Build.0 = Release|Any CPU
		{22E7A04A-0BE4-4556-BAE6-5CD28F5CD4E0}.Debug|Any CPU.ActiveCfg = Debug|Any CPU
		{22E7A04A-0BE4-4556-BAE6-5CD28F5CD4E0}.Debug|Any CPU.Build.0 = Debug|Any CPU
		{22E7A04A-0BE4-4556-BAE6-5CD28F5CD4E0}.Release|Any CPU.ActiveCfg = Release|Any CPU
		{22E7A04A-0BE4-4556-BAE6-5CD28F5CD4E0}.Release|Any CPU.Build.0 = Release|Any CPU
		{0C5CCA1E-8125-477D-9A96-0EE3E7DA2336}.Debug|Any CPU.ActiveCfg = Debug|Any CPU
		{0C5CCA1E-8125-477D-9A96-0EE3E7DA2336}.Debug|Any CPU.Build.0 = Debug|Any CPU
		{0C5CCA1E-8125-477D-9A96-0EE3E7DA2336}.Release|Any CPU.ActiveCfg = Release|Any CPU
		{0C5CCA1E-8125-477D-9A96-0EE3E7DA2336}.Release|Any CPU.Build.0 = Release|Any CPU
		{186B71F2-0991-491F-AEC2-7F6BCEE03E78}.Debug|Any CPU.ActiveCfg = Debug|Any CPU
		{186B71F2-0991-491F-AEC2-7F6BCEE03E78}.Debug|Any CPU.Build.0 = Debug|Any CPU
		{186B71F2-0991-491F-AEC2-7F6BCEE03E78}.Release|Any CPU.ActiveCfg = Release|Any CPU
		{186B71F2-0991-491F-AEC2-7F6BCEE03E78}.Release|Any CPU.Build.0 = Release|Any CPU
	EndGlobalSection
	GlobalSection(SolutionProperties) = preSolution
		HideSolutionNode = FALSE
	EndGlobalSection
	GlobalSection(ExtensibilityGlobals) = postSolution
		SolutionGuid = {CB17EAB3-6C46-40D6-9B90-D238D7D915D9}
	EndGlobalSection
EndGlobal
