
Microsoft Visual Studio Solution File, Format Version 12.00
# Visual Studio Version 17
VisualStudioVersion = 17.11.35327.3
MinimumVisualStudioVersion = 10.0.40219.1
Project("{9A19103F-16F7-4668-BE54-9A1E7A4F7556}") = "SimpleInheritance_01", "SimpleInheritance_01\SimpleInheritance_01.csproj", "{E26C9758-2AFF-4DF8-8373-3D6B3D207E51}"
EndProject
Project("{9A19103F-16F7-4668-BE54-9A1E7A4F7556}") = "InheritanceWithConstructor_01", "InheritanceWithConstructor_01\InheritanceWithConstructor_01.csproj", "{5B21E331-A003-4886-9323-3CE32667603E}"
EndProject
Project("{FAE04EC0-301F-11D3-BF4B-00C04F79EFBC}") = "UsingProtectedMembers_01", "UsingProtectedMembers_01\UsingProtectedMembers_01.csproj", "{1D742EC0-E9B8-4307-8C44-7A7F85E5D6CC}"
EndProject
Project("{FAE04EC0-301F-11D3-BF4B-00C04F79EFBC}") = "MethodOverriding_01", "MethodOverriding_01\MethodOverriding_01.csproj", "{C7E577A4-6932-43EE-BA82-64E85C0164D0}"
EndProject
Project("{FAE04EC0-301F-11D3-BF4B-00C04F79EFBC}") = "MultiLevelInheritanceAndPolymorphism_01", "MultiLevelInheritanceAndPolymorphism_01\MultiLevelInheritanceAndPolymorphism_01.csproj", "{0658F05E-EDAE-4CF6-BB6E-89023FEEBB82}"
EndProject
Global
	GlobalSection(SolutionConfigurationPlatforms) = preSolution
		Debug|Any CPU = Debug|Any CPU
		Release|Any CPU = Release|Any CPU
	EndGlobalSection
	GlobalSection(ProjectConfigurationPlatforms) = postSolution
		{E26C9758-2AFF-4DF8-8373-3D6B3D207E51}.Debug|Any CPU.ActiveCfg = Debug|Any CPU
		{E26C9758-2AFF-4DF8-8373-3D6B3D207E51}.Debug|Any CPU.Build.0 = Debug|Any CPU
		{E26C9758-2AFF-4DF8-8373-3D6B3D207E51}.Release|Any CPU.ActiveCfg = Release|Any CPU
		{E26C9758-2AFF-4DF8-8373-3D6B3D207E51}.Release|Any CPU.Build.0 = Release|Any CPU
		{5B21E331-A003-4886-9323-3CE32667603E}.Debug|Any CPU.ActiveCfg = Debug|Any CPU
		{5B21E331-A003-4886-9323-3CE32667603E}.Debug|Any CPU.Build.0 = Debug|Any CPU
		{5B21E331-A003-4886-9323-3CE32667603E}.Release|Any CPU.ActiveCfg = Release|Any CPU
		{5B21E331-A003-4886-9323-3CE32667603E}.Release|Any CPU.Build.0 = Release|Any CPU
		{1D742EC0-E9B8-4307-8C44-7A7F85E5D6CC}.Debug|Any CPU.ActiveCfg = Debug|Any CPU
		{1D742EC0-E9B8-4307-8C44-7A7F85E5D6CC}.Debug|Any CPU.Build.0 = Debug|Any CPU
		{1D742EC0-E9B8-4307-8C44-7A7F85E5D6CC}.Release|Any CPU.ActiveCfg = Release|Any CPU
		{1D742EC0-E9B8-4307-8C44-7A7F85E5D6CC}.Release|Any CPU.Build.0 = Release|Any CPU
		{C7E577A4-6932-43EE-BA82-64E85C0164D0}.Debug|Any CPU.ActiveCfg = Debug|Any CPU
		{C7E577A4-6932-43EE-BA82-64E85C0164D0}.Debug|Any CPU.Build.0 = Debug|Any CPU
		{C7E577A4-6932-43EE-BA82-64E85C0164D0}.Release|Any CPU.ActiveCfg = Release|Any CPU
		{C7E577A4-6932-43EE-BA82-64E85C0164D0}.Release|Any CPU.Build.0 = Release|Any CPU
		{0658F05E-EDAE-4CF6-BB6E-89023FEEBB82}.Debug|Any CPU.ActiveCfg = Debug|Any CPU
		{0658F05E-EDAE-4CF6-BB6E-89023FEEBB82}.Debug|Any CPU.Build.0 = Debug|Any CPU
		{0658F05E-EDAE-4CF6-BB6E-89023FEEBB82}.Release|Any CPU.ActiveCfg = Release|Any CPU
		{0658F05E-EDAE-4CF6-BB6E-89023FEEBB82}.Release|Any CPU.Build.0 = Release|Any CPU
	EndGlobalSection
	GlobalSection(SolutionProperties) = preSolution
		HideSolutionNode = FALSE
	EndGlobalSection
	GlobalSection(ExtensibilityGlobals) = postSolution
		SolutionGuid = {72A56961-FDBD-4931-930E-9B8834AB0CA0}
	EndGlobalSection
EndGlobal
